<?xml version="1.0" encoding="utf-8"?>
<Project ToolsVersion="4.0" xmlns="http://schemas.microsoft.com/developer/msbuild/2003">
  <ItemGroup>
    <Filter Include="Headers">
      <UniqueIdentifier>{93995380-89BD-4b04-88EB-625FBE52EBFB}</UniqueIdentifier>
      <Extensions>h;hpp;hxx;hm;inl;inc;xsd</Extensions>
    </Filter>
    <Filter Include="Headers\Objects">
      <UniqueIdentifier>{d518c986-b616-46d7-9e7c-77480349f5e8}</UniqueIdentifier>
    </Filter>
    <Filter Include="Sources">
      <UniqueIdentifier>{4FC737F1-C7A5-4376-A066-2A32D752A2FF}</UniqueIdentifier>
      <Extensions>cpp;c;cc;cxx;def;odl;idl;hpj;bat;asm;asmx</Extensions>
    </Filter>
    <Filter Include="Sources\Objects">
      <UniqueIdentifier>{d39c5e5f-8ee9-4df0-805e-5917347e59e0}</UniqueIdentifier>
    </Filter>
  </ItemGroup>
  <ItemGroup>
    <ClInclude Include="Objects\Button.h">
      <Filter>Headers\Objects</Filter>
    </ClInclude>
    <ClInclude Include="Objects\GUIMisc.h">
      <Filter>Headers\Objects</Filter>
    </ClInclude>
    <ClInclude Include="MainListener.h">
      <Filter>Headers</Filter>
    </ClInclude>
    <ClInclude Include="GUI.h">
      <Filter>Headers</Filter>
    </ClInclude>
    <ClInclude Include="Listener.h">
      <Filter>Headers</Filter>
    </ClInclude>
    <ClInclude Include="Objects\Image.h">
      <Filter>Headers\Objects</Filter>
    </ClInclude>
    <ClInclude Include="Objects\Window.h">
      <Filter>Headers\Objects</Filter>
    </ClInclude>
    <ClInclude Include="Objects\Text.h">
      <Filter>Headers\Objects</Filter>
    </ClInclude>
    <ClInclude Include="Objects\Textbox.h">
      <Filter>Headers\Objects</Filter>
    </ClInclude>
    <ClInclude Include="Objects\Canvas.h">
      <Filter>Headers\Objects</Filter>
    </ClInclude>
    <ClInclude Include="Objects\Base.h">
      <Filter>Headers\Objects</Filter>
    </ClInclude>
    <ClInclude Include="InputHandler.h">
      <Filter>Headers</Filter>
    </ClInclude>
    <ClInclude Include="Skinner.h">
      <Filter>Headers</Filter>
    </ClInclude>
    <ClInclude Include="Objects\List.h">
      <Filter>Headers\Objects</Filter>
    </ClInclude>
    <ClInclude Include="Objects\Table.h">
      <Filter>Headers\Objects</Filter>
    </ClInclude>
    <ClInclude Include="Objects\ValueBox.h">
      <Filter>Headers\Objects</Filter>
    </ClInclude>
  </ItemGroup>
  <ItemGroup>
    <ClCompile Include="MainListener.cpp">
      <Filter>Sources</Filter>
    </ClCompile>
    <ClCompile Include="Objects\Button.cpp">
      <Filter>Sources\Objects</Filter>
    </ClCompile>
    <ClCompile Include="Listener.cpp">
      <Filter>Sources</Filter>
    </ClCompile>
    <ClCompile Include="Objects\Image.cpp">
      <Filter>Sources\Objects</Filter>
    </ClCompile>
    <ClCompile Include="Objects\Canvas.cpp">
      <Filter>Sources\Objects</Filter>
    </ClCompile>
    <ClCompile Include="Objects\Base.cpp">
      <Filter>Sources\Objects</Filter>
    </ClCompile>
    <ClCompile Include="InputHandler.cpp">
      <Filter>Sources</Filter>
    </ClCompile>
    <ClCompile Include="Objects\GUIMisc.cpp">
      <Filter>Sources\Objects</Filter>
    </ClCompile>
    <ClCompile Include="Skinner.cpp">
      <Filter>Sources</Filter>
    </ClCompile>
    <ClCompile Include="Objects\Textbox.cpp">
      <Filter>Sources\Objects</Filter>
    </ClCompile>
    <ClCompile Include="Objects\List.cpp">
      <Filter>Sources\Objects</Filter>
    </ClCompile>
    <ClCompile Include="Objects\Table.cpp">
      <Filter>Sources\Objects</Filter>
    </ClCompile>
    <ClCompile Include="Objects\ValueBox.cpp">
      <Filter>Sources\Objects</Filter>
    </ClCompile>
  </ItemGroup>
</Project>