<?xml version="1.0" encoding="utf-8"?>
<Project ToolsVersion="4.0" xmlns="http://schemas.microsoft.com/developer/msbuild/2003">
  <ItemGroup>
    <Filter Include="Headers">
      <UniqueIdentifier>{93995380-89BD-4b04-88EB-625FBE52EBFB}</UniqueIdentifier>
      <Extensions>h;hpp;hxx;hm;inl;inc;xsd</Extensions>
    </Filter>
    <Filter Include="Sources">
      <UniqueIdentifier>{4FC737F1-C7A5-4376-A066-2A32D752A2FF}</UniqueIdentifier>
      <Extensions>cpp;c;cc;cxx;def;odl;idl;hpj;bat;asm;asmx</Extensions>
    </Filter>
    <Filter Include="Headers\TextLib">
      <UniqueIdentifier>{41a4b825-8789-4465-b174-497e488a8654}</UniqueIdentifier>
    </Filter>
    <Filter Include="Sources\TextLib">
      <UniqueIdentifier>{637e770e-0527-4b14-b262-859c9a040a00}</UniqueIdentifier>
    </Filter>
    <Filter Include="Headers\SceneGraph">
      <UniqueIdentifier>{09f8d494-6bc3-4ccf-bab9-02154b3007ad}</UniqueIdentifier>
    </Filter>
    <Filter Include="Sources\SceneGraph">
      <UniqueIdentifier>{1de2025e-fa68-4ccc-8be0-ad8a74c2025d}</UniqueIdentifier>
    </Filter>
    <Filter Include="Sources\DX10">
      <UniqueIdentifier>{0ce7d745-5486-4fe6-8ecf-890ae1c0ab07}</UniqueIdentifier>
    </Filter>
    <Filter Include="Headers\DX10">
      <UniqueIdentifier>{2af2f64f-0c92-4ec0-82b8-2b6296de22dd}</UniqueIdentifier>
    </Filter>
  </ItemGroup>
  <ItemGroup>
    <ClCompile Include="cMesh.cpp">
      <Filter>Sources</Filter>
    </ClCompile>
    <ClCompile Include="cMeshLoader.cpp">
      <Filter>Sources</Filter>
    </ClCompile>
    <ClCompile Include="cMeshManager.cpp">
      <Filter>Sources</Filter>
    </ClCompile>
    <ClCompile Include="TextLib\cText.cpp">
      <Filter>Sources\TextLib</Filter>
    </ClCompile>
    <ClCompile Include="cRenderTarget.cpp">
      <Filter>Sources</Filter>
    </ClCompile>
    <ClCompile Include="Utils.cpp">
      <Filter>Sources</Filter>
    </ClCompile>
    <ClCompile Include="cMaterial.cpp">
      <Filter>Sources</Filter>
    </ClCompile>
    <ClCompile Include="SceneGraph\ISceneNode.cpp">
      <Filter>Sources\SceneGraph</Filter>
    </ClCompile>
    <ClCompile Include="Renderer.cpp">
      <Filter>Sources</Filter>
    </ClCompile>
    <ClCompile Include="RenderQueue.cpp">
      <Filter>Sources</Filter>
    </ClCompile>
    <ClCompile Include="D3D10ContextManager.cpp">
      <Filter>Sources</Filter>
    </ClCompile>
    <ClCompile Include="SceneGraph\CameraSceneNode.cpp">
      <Filter>Sources\SceneGraph</Filter>
    </ClCompile>
    <ClCompile Include="ShaderManager.cpp">
      <Filter>Sources</Filter>
    </ClCompile>
    <ClCompile Include="Program.cpp">
      <Filter>Sources</Filter>
    </ClCompile>
    <ClCompile Include="ShiftEngine.cpp">
      <Filter>Sources</Filter>
    </ClCompile>
    <ClCompile Include="SceneGraph\SkySceneNode.cpp">
      <Filter>Sources\SceneGraph</Filter>
    </ClCompile>
    <ClCompile Include="SceneGraph\CameraFrustum.cpp">
      <Filter>Sources\SceneGraph</Filter>
    </ClCompile>
    <ClCompile Include="ShaderGenerator.cpp">
      <Filter>Sources</Filter>
    </ClCompile>
    <ClCompile Include="MaterialManager.cpp">
      <Filter>Sources</Filter>
    </ClCompile>
    <ClCompile Include="SceneGraph\LightNode.cpp">
      <Filter>Sources\SceneGraph</Filter>
    </ClCompile>
    <ClCompile Include="VertexTypes.cpp">
      <Filter>Sources</Filter>
    </ClCompile>
    <ClCompile Include="RenderManager.cpp">
      <Filter>Sources</Filter>
    </ClCompile>
    <ClCompile Include="FontManager.cpp">
      <Filter>Sources\TextLib</Filter>
    </ClCompile>
    <ClCompile Include="MaterialInfo.cpp">
      <Filter>Sources</Filter>
    </ClCompile>
    <ClCompile Include="D3D10TextureManager.cpp">
      <Filter>Sources</Filter>
    </ClCompile>
    <ClCompile Include="Sprite.cpp">
      <Filter>Sources</Filter>
    </ClCompile>
    <ClCompile Include="D3D10Texture.cpp">
      <Filter>Sources</Filter>
    </ClCompile>
    <ClCompile Include="SceneGraph\QuadTreeNode.cpp">
      <Filter>Sources\SceneGraph</Filter>
    </ClCompile>
    <ClCompile Include="SceneGraph\MeshNode.cpp">
      <Filter>Sources\SceneGraph</Filter>
    </ClCompile>
    <ClCompile Include="SceneGraph\SceneGraph.cpp">
      <Filter>Sources\SceneGraph</Filter>
    </ClCompile>
  </ItemGroup>
  <ItemGroup>
    <ClInclude Include="cMesh.h">
      <Filter>Headers</Filter>
    </ClInclude>
    <ClInclude Include="cMeshLoader.h">
      <Filter>Headers</Filter>
    </ClInclude>
    <ClInclude Include="cMeshManager.h">
      <Filter>Headers</Filter>
    </ClInclude>
    <ClInclude Include="TextLib\cFont.h">
      <Filter>Headers\TextLib</Filter>
    </ClInclude>
    <ClInclude Include="TextLib\cText.h">
      <Filter>Headers\TextLib</Filter>
    </ClInclude>
    <ClInclude Include="cD3D10.h">
      <Filter>Headers</Filter>
    </ClInclude>
    <ClInclude Include="cRenderTarget.h">
      <Filter>Headers</Filter>
    </ClInclude>
    <ClInclude Include="Utils.h">
      <Filter>Headers</Filter>
    </ClInclude>
    <ClInclude Include="cMaterial.h">
      <Filter>Headers</Filter>
    </ClInclude>
    <ClInclude Include="SceneGraph\ISceneNode.h">
      <Filter>Headers\SceneGraph</Filter>
    </ClInclude>
    <ClInclude Include="IContextManager.h">
      <Filter>Headers</Filter>
    </ClInclude>
    <ClInclude Include="MiscTypes.h">
      <Filter>Headers</Filter>
    </ClInclude>
    <ClInclude Include="VertexTypes.h">
      <Filter>Headers</Filter>
    </ClInclude>
    <ClInclude Include="Renderer.h">
      <Filter>Headers</Filter>
    </ClInclude>
    <ClInclude Include="RenderQueue.h">
      <Filter>Headers</Filter>
    </ClInclude>
    <ClInclude Include="D3D10ContextManager.h">
      <Filter>Headers</Filter>
    </ClInclude>
    <ClInclude Include="D3D10VertexDeclaration.h">
      <Filter>Headers</Filter>
    </ClInclude>
    <ClInclude Include="SceneGraph\CameraSceneNode.h">
      <Filter>Headers\SceneGraph</Filter>
    </ClInclude>
    <ClInclude Include="ShaderManager.h">
      <Filter>Headers</Filter>
    </ClInclude>
    <ClInclude Include="ShaderProgram.h">
      <Filter>Headers</Filter>
    </ClInclude>
    <ClInclude Include="Program.h">
      <Filter>Headers</Filter>
    </ClInclude>
    <ClInclude Include="ShiftEngine.h">
      <Filter>Headers</Filter>
    </ClInclude>
    <ClInclude Include="SceneGraph\SkySceneNode.h">
      <Filter>Headers\SceneGraph</Filter>
    </ClInclude>
    <ClInclude Include="SceneGraph\CameraFrustum.h">
      <Filter>Headers\SceneGraph</Filter>
    </ClInclude>
    <ClInclude Include="ShaderGenerator.h">
      <Filter>Headers</Filter>
    </ClInclude>
    <ClInclude Include="MaterialManager.h">
      <Filter>Headers</Filter>
    </ClInclude>
    <ClInclude Include="IShaderGenerator.h">
      <Filter>Headers</Filter>
    </ClInclude>
    <ClInclude Include="SceneGraph\LightNode.h">
      <Filter>Headers\SceneGraph</Filter>
    </ClInclude>
    <ClInclude Include="IShaderManager.h">
      <Filter>Headers</Filter>
    </ClInclude>
    <ClInclude Include="MaterialInfo.h">
      <Filter>Headers</Filter>
    </ClInclude>
    <ClInclude Include="RenderManager.h">
      <Filter>Headers</Filter>
    </ClInclude>
    <ClInclude Include="FontManager.h">
      <Filter>Headers\TextLib</Filter>
    </ClInclude>
    <ClInclude Include="D3D10TextureManager.h">
      <Filter>Headers</Filter>
    </ClInclude>
    <ClInclude Include="Sprite.h">
      <Filter>Headers</Filter>
    </ClInclude>
    <ClInclude Include="D3D10Texture.h">
      <Filter>Headers</Filter>
    </ClInclude>
    <ClInclude Include="SceneGraph\PlainTreeNode.h">
      <Filter>Headers\SceneGraph</Filter>
    </ClInclude>
    <ClInclude Include="SceneGraph\QuadTreeNode.h">
      <Filter>Headers\SceneGraph</Filter>
    </ClInclude>
    <ClInclude Include="SceneGraph\MeshNode.h">
      <Filter>Headers\SceneGraph</Filter>
    </ClInclude>
    <ClInclude Include="SceneGraph\SceneGraph.h">
      <Filter>Headers\SceneGraph</Filter>
    </ClInclude>
  </ItemGroup>
</Project>