
Microsoft Visual Studio Solution File, Format Version 12.00
# Visual Studio 2012
Project("{8BC9CEB8-8B4A-11D0-8D11-00A0C91BC942}") = "Game", "game\LostIsland.vcxproj", "{48649914-C04C-40AD-9667-F73120BBFDDA}"
	ProjectSection(ProjectDependencies) = postProject
		{0385D009-2A05-44C9-9A6F-5DD4268C5501} = {0385D009-2A05-44C9-9A6F-5DD4268C5501}
		{7BED7D51-A710-42B5-BCBA-113E09F7AB2B} = {7BED7D51-A710-42B5-BCBA-113E09F7AB2B}
		{4A8CDC7D-F6B5-472B-902B-6F1AAD597318} = {4A8CDC7D-F6B5-472B-902B-6F1AAD597318}
		{AA113E8E-5CD8-43B1-915A-85A2D8659624} = {AA113E8E-5CD8-43B1-915A-85A2D8659624}
		{24B0BEA4-9C47-4D15-8062-E915E0B30EB4} = {24B0BEA4-9C47-4D15-8062-E915E0B30EB4}
	EndProjectSection
EndProject
Project("{8BC9CEB8-8B4A-11D0-8D11-00A0C91BC942}") = "GraphicsEngine", "GraphicsEngine\GraphicsEngine.vcxproj", "{AA113E8E-5CD8-43B1-915A-85A2D8659624}"
	ProjectSection(ProjectDependencies) = postProject
		{0385D009-2A05-44C9-9A6F-5DD4268C5501} = {0385D009-2A05-44C9-9A6F-5DD4268C5501}
		{24B0BEA4-9C47-4D15-8062-E915E0B30EB4} = {24B0BEA4-9C47-4D15-8062-E915E0B30EB4}
	EndProjectSection
EndProject
Project("{8BC9CEB8-8B4A-11D0-8D11-00A0C91BC942}") = "GUI", "GUI\GUI.vcxproj", "{4A8CDC7D-F6B5-472B-902B-6F1AAD597318}"
	ProjectSection(ProjectDependencies) = postProject
		{0385D009-2A05-44C9-9A6F-5DD4268C5501} = {0385D009-2A05-44C9-9A6F-5DD4268C5501}
		{AA113E8E-5CD8-43B1-915A-85A2D8659624} = {AA113E8E-5CD8-43B1-915A-85A2D8659624}
		{24B0BEA4-9C47-4D15-8062-E915E0B30EB4} = {24B0BEA4-9C47-4D15-8062-E915E0B30EB4}
	EndProjectSection
EndProject
Project("{8BC9CEB8-8B4A-11D0-8D11-00A0C91BC942}") = "SimplePhysicsEngine", "SimplePhysicsEngine\SimplePhysicsEngine.vcxproj", "{7BED7D51-A710-42B5-BCBA-113E09F7AB2B}"
	ProjectSection(ProjectDependencies) = postProject
		{0385D009-2A05-44C9-9A6F-5DD4268C5501} = {0385D009-2A05-44C9-9A6F-5DD4268C5501}
	EndProjectSection
EndProject
Project("{8BC9CEB8-8B4A-11D0-8D11-00A0C91BC942}") = "UtilTest", "..\UnitTest\UtilTest.vcxproj", "{A66AE765-E7FE-4615-9DFD-CD643868D333}"
	ProjectSection(ProjectDependencies) = postProject
		{0385D009-2A05-44C9-9A6F-5DD4268C5501} = {0385D009-2A05-44C9-9A6F-5DD4268C5501}
		{4A8CDC7D-F6B5-472B-902B-6F1AAD597318} = {4A8CDC7D-F6B5-472B-902B-6F1AAD597318}
		{24B0BEA4-9C47-4D15-8062-E915E0B30EB4} = {24B0BEA4-9C47-4D15-8062-E915E0B30EB4}
	EndProjectSection
EndProject
Project("{8BC9CEB8-8B4A-11D0-8D11-00A0C91BC942}") = "MathLib", "MathLib\MathLib.vcxproj", "{0385D009-2A05-44C9-9A6F-5DD4268C5501}"
EndProject
Project("{8BC9CEB8-8B4A-11D0-8D11-00A0C91BC942}") = "Utilities", "Utilities\Utilities.vcxproj", "{24B0BEA4-9C47-4D15-8062-E915E0B30EB4}"
EndProject
Project("{8BC9CEB8-8B4A-11D0-8D11-00A0C91BC942}") = "Converter", "Converter\Converter.vcxproj", "{B8C4425F-91E6-44B5-8F61-DB941EEADFF5}"
	ProjectSection(ProjectDependencies) = postProject
		{24B0BEA4-9C47-4D15-8062-E915E0B30EB4} = {24B0BEA4-9C47-4D15-8062-E915E0B30EB4}
	EndProjectSection
EndProject
Project("{8BC9CEB8-8B4A-11D0-8D11-00A0C91BC942}") = "MeshEditor", "MeshEditor\MeshEditor.vcxproj", "{8193267D-74F6-45E2-882A-5BB01CA6DA81}"
	ProjectSection(ProjectDependencies) = postProject
		{0385D009-2A05-44C9-9A6F-5DD4268C5501} = {0385D009-2A05-44C9-9A6F-5DD4268C5501}
		{4A8CDC7D-F6B5-472B-902B-6F1AAD597318} = {4A8CDC7D-F6B5-472B-902B-6F1AAD597318}
		{AA113E8E-5CD8-43B1-915A-85A2D8659624} = {AA113E8E-5CD8-43B1-915A-85A2D8659624}
		{24B0BEA4-9C47-4D15-8062-E915E0B30EB4} = {24B0BEA4-9C47-4D15-8062-E915E0B30EB4}
	EndProjectSection
EndProject
Project("{8BC9CEB8-8B4A-11D0-8D11-00A0C91BC942}") = "tinyxml2", "..\3rdparty\tinyxml2\tinyxml2.vcxproj", "{216BB37E-A490-44D6-91C9-6CBA15BBC35C}"
EndProject
Global
	GlobalSection(SolutionConfigurationPlatforms) = preSolution
		Debug|Any CPU = Debug|Any CPU
		Debug|Mixed Platforms = Debug|Mixed Platforms
		Debug|Win32 = Debug|Win32
		Release|Any CPU = Release|Any CPU
		Release|Mixed Platforms = Release|Mixed Platforms
		Release|Win32 = Release|Win32
	EndGlobalSection
	GlobalSection(ProjectConfigurationPlatforms) = postSolution
		{48649914-C04C-40AD-9667-F73120BBFDDA}.Debug|Any CPU.ActiveCfg = Debug|Win32
		{48649914-C04C-40AD-9667-F73120BBFDDA}.Debug|Mixed Platforms.ActiveCfg = Debug|Win32
		{48649914-C04C-40AD-9667-F73120BBFDDA}.Debug|Mixed Platforms.Build.0 = Debug|Win32
		{48649914-C04C-40AD-9667-F73120BBFDDA}.Debug|Win32.ActiveCfg = Debug|Win32
		{48649914-C04C-40AD-9667-F73120BBFDDA}.Debug|Win32.Build.0 = Debug|Win32
		{48649914-C04C-40AD-9667-F73120BBFDDA}.Release|Any CPU.ActiveCfg = Release|Win32
		{48649914-C04C-40AD-9667-F73120BBFDDA}.Release|Mixed Platforms.ActiveCfg = Release|Win32
		{48649914-C04C-40AD-9667-F73120BBFDDA}.Release|Mixed Platforms.Build.0 = Release|Win32
		{48649914-C04C-40AD-9667-F73120BBFDDA}.Release|Win32.ActiveCfg = Release|Win32
		{48649914-C04C-40AD-9667-F73120BBFDDA}.Release|Win32.Build.0 = Release|Win32
		{AA113E8E-5CD8-43B1-915A-85A2D8659624}.Debug|Any CPU.ActiveCfg = Debug|Win32
		{AA113E8E-5CD8-43B1-915A-85A2D8659624}.Debug|Mixed Platforms.ActiveCfg = Debug|Win32
		{AA113E8E-5CD8-43B1-915A-85A2D8659624}.Debug|Mixed Platforms.Build.0 = Debug|Win32
		{AA113E8E-5CD8-43B1-915A-85A2D8659624}.Debug|Win32.ActiveCfg = Debug|Win32
		{AA113E8E-5CD8-43B1-915A-85A2D8659624}.Debug|Win32.Build.0 = Debug|Win32
		{AA113E8E-5CD8-43B1-915A-85A2D8659624}.Release|Any CPU.ActiveCfg = Release|Win32
		{AA113E8E-5CD8-43B1-915A-85A2D8659624}.Release|Mixed Platforms.ActiveCfg = Release|Win32
		{AA113E8E-5CD8-43B1-915A-85A2D8659624}.Release|Mixed Platforms.Build.0 = Release|Win32
		{AA113E8E-5CD8-43B1-915A-85A2D8659624}.Release|Win32.ActiveCfg = Release|Win32
		{AA113E8E-5CD8-43B1-915A-85A2D8659624}.Release|Win32.Build.0 = Release|Win32
		{4A8CDC7D-F6B5-472B-902B-6F1AAD597318}.Debug|Any CPU.ActiveCfg = Debug|Win32
		{4A8CDC7D-F6B5-472B-902B-6F1AAD597318}.Debug|Mixed Platforms.ActiveCfg = Debug|Win32
		{4A8CDC7D-F6B5-472B-902B-6F1AAD597318}.Debug|Mixed Platforms.Build.0 = Debug|Win32
		{4A8CDC7D-F6B5-472B-902B-6F1AAD597318}.Debug|Win32.ActiveCfg = Debug|Win32
		{4A8CDC7D-F6B5-472B-902B-6F1AAD597318}.Debug|Win32.Build.0 = Debug|Win32
		{4A8CDC7D-F6B5-472B-902B-6F1AAD597318}.Release|Any CPU.ActiveCfg = Release|Win32
		{4A8CDC7D-F6B5-472B-902B-6F1AAD597318}.Release|Mixed Platforms.ActiveCfg = Release|Win32
		{4A8CDC7D-F6B5-472B-902B-6F1AAD597318}.Release|Mixed Platforms.Build.0 = Release|Win32
		{4A8CDC7D-F6B5-472B-902B-6F1AAD597318}.Release|Win32.ActiveCfg = Release|Win32
		{4A8CDC7D-F6B5-472B-902B-6F1AAD597318}.Release|Win32.Build.0 = Release|Win32
		{7BED7D51-A710-42B5-BCBA-113E09F7AB2B}.Debug|Any CPU.ActiveCfg = Debug|Win32
		{7BED7D51-A710-42B5-BCBA-113E09F7AB2B}.Debug|Mixed Platforms.ActiveCfg = Debug|Win32
		{7BED7D51-A710-42B5-BCBA-113E09F7AB2B}.Debug|Mixed Platforms.Build.0 = Debug|Win32
		{7BED7D51-A710-42B5-BCBA-113E09F7AB2B}.Debug|Win32.ActiveCfg = Debug|Win32
		{7BED7D51-A710-42B5-BCBA-113E09F7AB2B}.Debug|Win32.Build.0 = Debug|Win32
		{7BED7D51-A710-42B5-BCBA-113E09F7AB2B}.Release|Any CPU.ActiveCfg = Release|Win32
		{7BED7D51-A710-42B5-BCBA-113E09F7AB2B}.Release|Mixed Platforms.ActiveCfg = Release|Win32
		{7BED7D51-A710-42B5-BCBA-113E09F7AB2B}.Release|Mixed Platforms.Build.0 = Release|Win32
		{7BED7D51-A710-42B5-BCBA-113E09F7AB2B}.Release|Win32.ActiveCfg = Release|Win32
		{7BED7D51-A710-42B5-BCBA-113E09F7AB2B}.Release|Win32.Build.0 = Release|Win32
		{A66AE765-E7FE-4615-9DFD-CD643868D333}.Debug|Any CPU.ActiveCfg = Debug|Win32
		{A66AE765-E7FE-4615-9DFD-CD643868D333}.Debug|Mixed Platforms.ActiveCfg = Debug|Win32
		{A66AE765-E7FE-4615-9DFD-CD643868D333}.Debug|Win32.ActiveCfg = Debug|Win32
		{A66AE765-E7FE-4615-9DFD-CD643868D333}.Release|Any CPU.ActiveCfg = Release|Win32
		{A66AE765-E7FE-4615-9DFD-CD643868D333}.Release|Mixed Platforms.ActiveCfg = Release|Win32
		{A66AE765-E7FE-4615-9DFD-CD643868D333}.Release|Win32.ActiveCfg = Release|Win32
		{0385D009-2A05-44C9-9A6F-5DD4268C5501}.Debug|Any CPU.ActiveCfg = Debug|Win32
		{0385D009-2A05-44C9-9A6F-5DD4268C5501}.Debug|Mixed Platforms.ActiveCfg = Debug|Win32
		{0385D009-2A05-44C9-9A6F-5DD4268C5501}.Debug|Mixed Platforms.Build.0 = Debug|Win32
		{0385D009-2A05-44C9-9A6F-5DD4268C5501}.Debug|Win32.ActiveCfg = Debug|Win32
		{0385D009-2A05-44C9-9A6F-5DD4268C5501}.Debug|Win32.Build.0 = Debug|Win32
		{0385D009-2A05-44C9-9A6F-5DD4268C5501}.Release|Any CPU.ActiveCfg = Release|Win32
		{0385D009-2A05-44C9-9A6F-5DD4268C5501}.Release|Mixed Platforms.ActiveCfg = Release|Win32
		{0385D009-2A05-44C9-9A6F-5DD4268C5501}.Release|Mixed Platforms.Build.0 = Release|Win32
		{0385D009-2A05-44C9-9A6F-5DD4268C5501}.Release|Win32.ActiveCfg = Release|Win32
		{0385D009-2A05-44C9-9A6F-5DD4268C5501}.Release|Win32.Build.0 = Release|Win32
		{24B0BEA4-9C47-4D15-8062-E915E0B30EB4}.Debug|Any CPU.ActiveCfg = Debug|Win32
		{24B0BEA4-9C47-4D15-8062-E915E0B30EB4}.Debug|Mixed Platforms.ActiveCfg = Debug|Win32
		{24B0BEA4-9C47-4D15-8062-E915E0B30EB4}.Debug|Mixed Platforms.Build.0 = Debug|Win32
		{24B0BEA4-9C47-4D15-8062-E915E0B30EB4}.Debug|Win32.ActiveCfg = Debug|Win32
		{24B0BEA4-9C47-4D15-8062-E915E0B30EB4}.Debug|Win32.Build.0 = Debug|Win32
		{24B0BEA4-9C47-4D15-8062-E915E0B30EB4}.Release|Any CPU.ActiveCfg = Release|Win32
		{24B0BEA4-9C47-4D15-8062-E915E0B30EB4}.Release|Mixed Platforms.ActiveCfg = Release|Win32
		{24B0BEA4-9C47-4D15-8062-E915E0B30EB4}.Release|Mixed Platforms.Build.0 = Release|Win32
		{24B0BEA4-9C47-4D15-8062-E915E0B30EB4}.Release|Win32.ActiveCfg = Release|Win32
		{24B0BEA4-9C47-4D15-8062-E915E0B30EB4}.Release|Win32.Build.0 = Release|Win32
		{B8C4425F-91E6-44B5-8F61-DB941EEADFF5}.Debug|Any CPU.ActiveCfg = Debug|Win32
		{B8C4425F-91E6-44B5-8F61-DB941EEADFF5}.Debug|Mixed Platforms.ActiveCfg = Debug|Win32
		{B8C4425F-91E6-44B5-8F61-DB941EEADFF5}.Debug|Mixed Platforms.Build.0 = Debug|Win32
		{B8C4425F-91E6-44B5-8F61-DB941EEADFF5}.Debug|Win32.ActiveCfg = Debug|Win32
		{B8C4425F-91E6-44B5-8F61-DB941EEADFF5}.Debug|Win32.Build.0 = Debug|Win32
		{B8C4425F-91E6-44B5-8F61-DB941EEADFF5}.Release|Any CPU.ActiveCfg = Release|Win32
		{B8C4425F-91E6-44B5-8F61-DB941EEADFF5}.Release|Mixed Platforms.ActiveCfg = Release|Win32
		{B8C4425F-91E6-44B5-8F61-DB941EEADFF5}.Release|Mixed Platforms.Build.0 = Release|Win32
		{B8C4425F-91E6-44B5-8F61-DB941EEADFF5}.Release|Win32.ActiveCfg = Release|Win32
		{B8C4425F-91E6-44B5-8F61-DB941EEADFF5}.Release|Win32.Build.0 = Release|Win32
		{8193267D-74F6-45E2-882A-5BB01CA6DA81}.Debug|Any CPU.ActiveCfg = Debug|Win32
		{8193267D-74F6-45E2-882A-5BB01CA6DA81}.Debug|Mixed Platforms.ActiveCfg = Debug|Win32
		{8193267D-74F6-45E2-882A-5BB01CA6DA81}.Debug|Win32.ActiveCfg = Debug|Win32
		{8193267D-74F6-45E2-882A-5BB01CA6DA81}.Release|Any CPU.ActiveCfg = Release|Win32
		{8193267D-74F6-45E2-882A-5BB01CA6DA81}.Release|Mixed Platforms.ActiveCfg = Release|Win32
		{8193267D-74F6-45E2-882A-5BB01CA6DA81}.Release|Win32.ActiveCfg = Release|Win32
		{216BB37E-A490-44D6-91C9-6CBA15BBC35C}.Debug|Any CPU.ActiveCfg = Debug|Win32
		{216BB37E-A490-44D6-91C9-6CBA15BBC35C}.Debug|Mixed Platforms.ActiveCfg = Debug|Win32
		{216BB37E-A490-44D6-91C9-6CBA15BBC35C}.Debug|Mixed Platforms.Build.0 = Debug|Win32
		{216BB37E-A490-44D6-91C9-6CBA15BBC35C}.Debug|Win32.ActiveCfg = Debug|Win32
		{216BB37E-A490-44D6-91C9-6CBA15BBC35C}.Debug|Win32.Build.0 = Debug|Win32
		{216BB37E-A490-44D6-91C9-6CBA15BBC35C}.Release|Any CPU.ActiveCfg = Release|Win32
		{216BB37E-A490-44D6-91C9-6CBA15BBC35C}.Release|Mixed Platforms.ActiveCfg = Release|Win32
		{216BB37E-A490-44D6-91C9-6CBA15BBC35C}.Release|Mixed Platforms.Build.0 = Release|Win32
		{216BB37E-A490-44D6-91C9-6CBA15BBC35C}.Release|Win32.ActiveCfg = Release|Win32
		{216BB37E-A490-44D6-91C9-6CBA15BBC35C}.Release|Win32.Build.0 = Release|Win32
	EndGlobalSection
	GlobalSection(SolutionProperties) = preSolution
		HideSolutionNode = FALSE
	EndGlobalSection
EndGlobal
